
Microsoft Visual Studio Solution File, Format Version 12.00
# Visual Studio Version 17
VisualStudioVersion = 17.12.35707.178
MinimumVisualStudioVersion = 10.0.40219.1
Project("{FAE04EC0-301F-11D3-BF4B-00C04F79EFBC}") = "Uyg.API", "Uyg.API\Uyg.API.csproj", "{7150E0AA-0450-41C8-9FEC-5CD84962E338}"
EndProject
Project("{FAE04EC0-301F-11D3-BF4B-00C04F79EFBC}") = "uyg.UI", "uyg.UI\uyg.UI.csproj", "{50D17072-B2FB-45DE-B5C8-104B70772BD2}"
EndProject
Global
	GlobalSection(SolutionConfigurationPlatforms) = preSolution
		Debug|Any CPU = Debug|Any CPU
		Release|Any CPU = Release|Any CPU
	EndGlobalSection
	GlobalSection(ProjectConfigurationPlatforms) = postSolution
		{7150E0AA-0450-41C8-9FEC-5CD84962E338}.Debug|Any CPU.ActiveCfg = Debug|Any CPU
		{7150E0AA-0450-41C8-9FEC-5CD84962E338}.Debug|Any CPU.Build.0 = Debug|Any CPU
		{7150E0AA-0450-41C8-9FEC-5CD84962E338}.Release|Any CPU.ActiveCfg = Release|Any CPU
		{7150E0AA-0450-41C8-9FEC-5CD84962E338}.Release|Any CPU.Build.0 = Release|Any CPU
		{50D17072-B2FB-45DE-B5C8-104B70772BD2}.Debug|Any CPU.ActiveCfg = Debug|Any CPU
		{50D17072-B2FB-45DE-B5C8-104B70772BD2}.Debug|Any CPU.Build.0 = Debug|Any CPU
		{50D17072-B2FB-45DE-B5C8-104B70772BD2}.Release|Any CPU.ActiveCfg = Release|Any CPU
		{50D17072-B2FB-45DE-B5C8-104B70772BD2}.Release|Any CPU.Build.0 = Release|Any CPU
	EndGlobalSection
	GlobalSection(SolutionProperties) = preSolution
		HideSolutionNode = FALSE
	EndGlobalSection
EndGlobal
